
Microsoft Visual Studio Solution File, Format Version 12.00
# Visual Studio Version 17
VisualStudioVersion = 17.0.31903.59
MinimumVisualStudioVersion = 10.0.40219.1
Project("{FAE04EC0-301F-11D3-BF4B-00C04F79EFBC}") = "05-RazorSyntax", "05-RazorSyntax\05-RazorSyntax.csproj", "{2EE6082E-C9E7-40B1-9EBA-2436CC3E53FC}"
EndProject
Global
	GlobalSection(SolutionConfigurationPlatforms) = preSolution
		Debug|Any CPU = Debug|Any CPU
		Release|Any CPU = Release|Any CPU
	EndGlobalSection
	GlobalSection(ProjectConfigurationPlatforms) = postSolution
		{2EE6082E-C9E7-40B1-9EBA-2436CC3E53FC}.Debug|Any CPU.ActiveCfg = Debug|Any CPU
		{2EE6082E-C9E7-40B1-9EBA-2436CC3E53FC}.Debug|Any CPU.Build.0 = Debug|Any CPU
		{2EE6082E-C9E7-40B1-9EBA-2436CC3E53FC}.Release|Any CPU.ActiveCfg = Release|Any CPU
		{2EE6082E-C9E7-40B1-9EBA-2436CC3E53FC}.Release|Any CPU.Build.0 = Release|Any CPU
	EndGlobalSection
	GlobalSection(SolutionProperties) = preSolution
		HideSolutionNode = FALSE
	EndGlobalSection
	GlobalSection(ExtensibilityGlobals) = postSolution
		SolutionGuid = {A2DFB601-67A2-4720-BA7A-798432043236}
	EndGlobalSection
EndGlobal
